
Microsoft Visual Studio Solution File, Format Version 12.00
# Visual Studio Version 17
VisualStudioVersion = 17.9.34728.123
MinimumVisualStudioVersion = 10.0.40219.1
Project("{9A19103F-16F7-4668-BE54-9A1E7A4F7556}") = "DZ_ChatApp_vSem7", "DZ_ChatApp_vSem7.csproj", "{C3574278-9C6C-4BAE-A0F2-21CB09B9C201}"
EndProject
Global
	GlobalSection(SolutionConfigurationPlatforms) = preSolution
		Debug|Any CPU = Debug|Any CPU
		Release|Any CPU = Release|Any CPU
	EndGlobalSection
	GlobalSection(ProjectConfigurationPlatforms) = postSolution
		{C3574278-9C6C-4BAE-A0F2-21CB09B9C201}.Debug|Any CPU.ActiveCfg = Debug|Any CPU
		{C3574278-9C6C-4BAE-A0F2-21CB09B9C201}.Debug|Any CPU.Build.0 = Debug|Any CPU
		{C3574278-9C6C-4BAE-A0F2-21CB09B9C201}.Release|Any CPU.ActiveCfg = Release|Any CPU
		{C3574278-9C6C-4BAE-A0F2-21CB09B9C201}.Release|Any CPU.Build.0 = Release|Any CPU
		{1B9D4BB7-272B-41CC-9A97-31FDC04C92CC}.Debug|Any CPU.ActiveCfg = Debug|Any CPU
		{1B9D4BB7-272B-41CC-9A97-31FDC04C92CC}.Debug|Any CPU.Build.0 = Debug|Any CPU
		{1B9D4BB7-272B-41CC-9A97-31FDC04C92CC}.Release|Any CPU.ActiveCfg = Release|Any CPU
		{1B9D4BB7-272B-41CC-9A97-31FDC04C92CC}.Release|Any CPU.Build.0 = Release|Any CPU
	EndGlobalSection
	GlobalSection(SolutionProperties) = preSolution
		HideSolutionNode = FALSE
	EndGlobalSection
	GlobalSection(ExtensibilityGlobals) = postSolution
		SolutionGuid = {3D171B00-7BE8-4809-A912-4143E595CB0F}
	EndGlobalSection
EndGlobal
